// !$*UTF8*$!
{
	archiveVersion = 1;
	classes = {
	};
	objectVersion = 50;
	objects = {

/* Begin PBXBuildFile section */
		E16C3A152751BB9300548016 /* UsuariosTableViewController.swift in Sources */ = {isa = PBXBuildFile; fileRef = E16C3A142751BB9300548016 /* UsuariosTableViewController.swift */; };
		E1F51C6F27237C1700163ABE /* AppDelegate.swift in Sources */ = {isa = PBXBuildFile; fileRef = E1F51C6E27237C1700163ABE /* AppDelegate.swift */; };
		E1F51C7327237C1700163ABE /* ViewController.swift in Sources */ = {isa = PBXBuildFile; fileRef = E1F51C7227237C1700163ABE /* ViewController.swift */; };
		E1F51C7627237C1700163ABE /* Main.storyboard in Resources */ = {isa = PBXBuildFile; fileRef = E1F51C7427237C1700163ABE /* Main.storyboard */; };
		E1F51C7827237C1700163ABE /* Assets.xcassets in Resources */ = {isa = PBXBuildFile; fileRef = E1F51C7727237C1700163ABE /* Assets.xcassets */; };
		E1F51C7B27237C1700163ABE /* LaunchScreen.storyboard in Resources */ = {isa = PBXBuildFile; fileRef = E1F51C7927237C1700163ABE /* LaunchScreen.storyboard */; };
		E1F51C8427237F6C00163ABE /* LoginViewController.swift in Sources */ = {isa = PBXBuildFile; fileRef = E1F51C8327237F6C00163ABE /* LoginViewController.swift */; };
		E1F51C8F2723960500163ABE /* AgregarViewController.swift in Sources */ = {isa = PBXBuildFile; fileRef = E1F51C8E2723960500163ABE /* AgregarViewController.swift */; };
		E1F51C932723968D00163ABE /* Modelo.swift in Sources */ = {isa = PBXBuildFile; fileRef = E1F51C922723968D00163ABE /* Modelo.swift */; };
/* End PBXBuildFile section */

/* Begin PBXFileReference section */
		E16C3A142751BB9300548016 /* UsuariosTableViewController.swift */ = {isa = PBXFileReference; lastKnownFileType = sourcecode.swift; path = UsuariosTableViewController.swift; sourceTree = "<group>"; };
		E1F51C6B27237C1700163ABE /* 07-AppLogin.app */ = {isa = PBXFileReference; explicitFileType = wrapper.application; includeInIndex = 0; path = "07-AppLogin.app"; sourceTree = BUILT_PRODUCTS_DIR; };
		E1F51C6E27237C1700163ABE /* AppDelegate.swift */ = {isa = PBXFileReference; lastKnownFileType = sourcecode.swift; path = AppDelegate.swift; sourceTree = "<group>"; };
		E1F51C7227237C1700163ABE /* ViewController.swift */ = {isa = PBXFileReference; lastKnownFileType = sourcecode.swift; path = ViewController.swift; sourceTree = "<group>"; };
		E1F51C7527237C1700163ABE /* Base */ = {isa = PBXFileReference; lastKnownFileType = file.storyboard; name = Base; path = Base.lproj/Main.storyboard; sourceTree = "<group>"; };
		E1F51C7727237C1700163ABE /* Assets.xcassets */ = {isa = PBXFileReference; lastKnownFileType = folder.assetcatalog; path = Assets.xcassets; sourceTree = "<group>"; };
		E1F51C7A27237C1700163ABE /* Base */ = {isa = PBXFileReference; lastKnownFileType = file.storyboard; name = Base; path = Base.lproj/LaunchScreen.storyboard; sourceTree = "<group>"; };
		E1F51C7C27237C1700163ABE /* Info.plist */ = {isa = PBXFileReference; lastKnownFileType = text.plist.xml; path = Info.plist; sourceTree = "<group>"; };
		E1F51C8327237F6C00163ABE /* LoginViewController.swift */ = {isa = PBXFileReference; lastKnownFileType = sourcecode.swift; path = LoginViewController.swift; sourceTree = "<group>"; };
		E1F51C8E2723960500163ABE /* AgregarViewController.swift */ = {isa = PBXFileReference; lastKnownFileType = sourcecode.swift; path = AgregarViewController.swift; sourceTree = "<group>"; };
		E1F51C922723968D00163ABE /* Modelo.swift */ = {isa = PBXFileReference; lastKnownFileType = sourcecode.swift; path = Modelo.swift; sourceTree = "<group>"; };
/* End PBXFileReference section */

/* Begin PBXFrameworksBuildPhase section */
		E1F51C6827237C1700163ABE /* Frameworks */ = {
			isa = PBXFrameworksBuildPhase;
			buildActionMask = 2147483647;
			files = (
			);
			runOnlyForDeploymentPostprocessing = 0;
		};
/* End PBXFrameworksBuildPhase section */

/* Begin PBXGroup section */
		E1F51C6227237C1700163ABE = {
			isa = PBXGroup;
			children = (
				E1F51C6D27237C1700163ABE /* 07-AppLogin */,
				E1F51C6C27237C1700163ABE /* Products */,
			);
			sourceTree = "<group>";
		};
		E1F51C6C27237C1700163ABE /* Products */ = {
			isa = PBXGroup;
			children = (
				E1F51C6B27237C1700163ABE /* 07-AppLogin.app */,
			);
			name = Products;
			sourceTree = "<group>";
		};
		E1F51C6D27237C1700163ABE /* 07-AppLogin */ = {
			isa = PBXGroup;
			children = (
				E1F51C6E27237C1700163ABE /* AppDelegate.swift */,
				E1F51C7227237C1700163ABE /* ViewController.swift */,
				E16C3A142751BB9300548016 /* UsuariosTableViewController.swift */,
				E1F51C8327237F6C00163ABE /* LoginViewController.swift */,
				E1F51C8E2723960500163ABE /* AgregarViewController.swift */,
				E1F51C7427237C1700163ABE /* Main.storyboard */,
				E1F51C7727237C1700163ABE /* Assets.xcassets */,
				E1F51C7927237C1700163ABE /* LaunchScreen.storyboard */,
				E1F51C7C27237C1700163ABE /* Info.plist */,
				E1F51C922723968D00163ABE /* Modelo.swift */,
			);
			path = "07-AppLogin";
			sourceTree = "<group>";
		};
/* End PBXGroup section */

/* Begin PBXNativeTarget section */
		E1F51C6A27237C1700163ABE /* 07-AppLogin */ = {
			isa = PBXNativeTarget;
			buildConfigurationList = E1F51C7F27237C1700163ABE /* Build configuration list for PBXNativeTarget "07-AppLogin" */;
			buildPhases = (
				E1F51C6727237C1700163ABE /* Sources */,
				E1F51C6827237C1700163ABE /* Frameworks */,
				E1F51C6927237C1700163ABE /* Resources */,
			);
			buildRules = (
			);
			dependencies = (
			);
			name = "07-AppLogin";
			productName = "07-AppLogin";
			productReference = E1F51C6B27237C1700163ABE /* 07-AppLogin.app */;
			productType = "com.apple.product-type.application";
		};
/* End PBXNativeTarget section */

/* Begin PBXProject section */
		E1F51C6327237C1700163ABE /* Project object */ = {
			isa = PBXProject;
			attributes = {
				LastSwiftUpdateCheck = 1220;
				LastUpgradeCheck = 1220;
				TargetAttributes = {
					E1F51C6A27237C1700163ABE = {
						CreatedOnToolsVersion = 12.2;
					};
				};
			};
			buildConfigurationList = E1F51C6627237C1700163ABE /* Build configuration list for PBXProject "07-AppLogin" */;
			compatibilityVersion = "Xcode 9.3";
			developmentRegion = en;
			hasScannedForEncodings = 0;
			knownRegions = (
				en,
				Base,
			);
			mainGroup = E1F51C6227237C1700163ABE;
			productRefGroup = E1F51C6C27237C1700163ABE /* Products */;
			projectDirPath = "";
			projectRoot = "";
			targets = (
				E1F51C6A27237C1700163ABE /* 07-AppLogin */,
			);
		};
/* End PBXProject section */

/* Begin PBXResourcesBuildPhase section */
		E1F51C6927237C1700163ABE /* Resources */ = {
			isa = PBXResourcesBuildPhase;
			buildActionMask = 2147483647;
			files = (
				E1F51C7B27237C1700163ABE /* LaunchScreen.storyboard in Resources */,
				E1F51C7827237C1700163ABE /* Assets.xcassets in Resources */,
				E1F51C7627237C1700163ABE /* Main.storyboard in Resources */,
			);
			runOnlyForDeploymentPostprocessing = 0;
		};
/* End PBXResourcesBuildPhase section */

/* Begin PBXSourcesBuildPhase section */
		E1F51C6727237C1700163ABE /* Sources */ = {
			isa = PBXSourcesBuildPhase;
			buildActionMask = 2147483647;
			files = (
				E1F51C8427237F6C00163ABE /* LoginViewController.swift in Sources */,
				E1F51C7327237C1700163ABE /* ViewController.swift in Sources */,
				E1F51C8F2723960500163ABE /* AgregarViewController.swift in Sources */,
				E1F51C6F27237C1700163ABE /* AppDelegate.swift in Sources */,
				E16C3A152751BB9300548016 /* UsuariosTableViewController.swift in Sources */,
				E1F51C932723968D00163ABE /* Modelo.swift in Sources */,
			);
			runOnlyForDeploymentPostprocessing = 0;
		};
/* End PBXSourcesBuildPhase section */

/* Begin PBXVariantGroup section */
		E1F51C7427237C1700163ABE /* Main.storyboard */ = {
			isa = PBXVariantGroup;
			children = (
				E1F51C7527237C1700163ABE /* Base */,
			);
			name = Main.storyboard;
			sourceTree = "<group>";
		};
		E1F51C7927237C1700163ABE /* LaunchScreen.storyboard */ = {
			isa = PBXVariantGroup;
			children = (
				E1F51C7A27237C1700163ABE /* Base */,
			);
			name = LaunchScreen.storyboard;
			sourceTree = "<group>";
		};
/* End PBXVariantGroup section */

/* Begin XCBuildConfiguration section */
		E1F51C7D27237C1700163ABE /* Debug */ = {
			isa = XCBuildConfiguration;
			buildSettings = {
				ALWAYS_SEARCH_USER_PATHS = NO;
				CLANG_ANALYZER_NONNULL = YES;
				CLANG_ANALYZER_NUMBER_OBJECT_CONVERSION = YES_AGGRESSIVE;
				CLANG_CXX_LANGUAGE_STANDARD = "gnu++14";
				CLANG_CXX_LIBRARY = "libc++";
				CLANG_ENABLE_MODULES = YES;
				CLANG_ENABLE_OBJC_ARC = YES;
				CLANG_ENABLE_OBJC_WEAK = YES;
				CLANG_WARN_BLOCK_CAPTURE_AUTORELEASING = YES;
				CLANG_WARN_BOOL_CONVERSION = YES;
				CLANG_WARN_COMMA = YES;
				CLANG_WARN_CONSTANT_CONVERSION = YES;
				CLANG_WARN_DEPRECATED_OBJC_IMPLEMENTATIONS = YES;
				CLANG_WARN_DIRECT_OBJC_ISA_USAGE = YES_ERROR;
				CLANG_WARN_DOCUMENTATION_COMMENTS = YES;
				CLANG_WARN_EMPTY_BODY = YES;
				CLANG_WARN_ENUM_CONVERSION = YES;
				CLANG_WARN_INFINITE_RECURSION = YES;
				CLANG_WARN_INT_CONVERSION = YES;
				CLANG_WARN_NON_LITERAL_NULL_CONVERSION = YES;
				CLANG_WARN_OBJC_IMPLICIT_RETAIN_SELF = YES;
				CLANG_WARN_OBJC_LITERAL_CONVERSION = YES;
				CLANG_WARN_OBJC_ROOT_CLASS = YES_ERROR;
				CLANG_WARN_QUOTED_INCLUDE_IN_FRAMEWORK_HEADER = YES;
				CLANG_WARN_RANGE_LOOP_ANALYSIS = YES;
				CLANG_WARN_STRICT_PROTOTYPES = YES;
				CLANG_WARN_SUSPICIOUS_MOVE = YES;
				CLANG_WARN_UNGUARDED_AVAILABILITY = YES_AGGRESSIVE;
				CLANG_WARN_UNREACHABLE_CODE = YES;
				CLANG_WARN__DUPLICATE_METHOD_MATCH = YES;
				COPY_PHASE_STRIP = NO;
				DEBUG_INFORMATION_FORMAT = dwarf;
				ENABLE_STRICT_OBJC_MSGSEND = YES;
				ENABLE_TESTABILITY = YES;
				GCC_C_LANGUAGE_STANDARD = gnu11;
				GCC_DYNAMIC_NO_PIC = NO;
				GCC_NO_COMMON_BLOCKS = YES;
				GCC_OPTIMIZATION_LEVEL = 0;
				GCC_PREPROCESSOR_DEFINITIONS = (
					"DEBUG=1",
					"$(inherited)",
				);
				GCC_WARN_64_TO_32_BIT_CONVERSION = YES;
				GCC_WARN_ABOUT_RETURN_TYPE = YES_ERROR;
				GCC_WARN_UNDECLARED_SELECTOR = YES;
				GCC_WARN_UNINITIALIZED_AUTOS = YES_AGGRESSIVE;
				GCC_WARN_UNUSED_FUNCTION = YES;
				GCC_WARN_UNUSED_VARIABLE = YES;
				IPHONEOS_DEPLOYMENT_TARGET = 14.2;
				MTL_ENABLE_DEBUG_INFO = INCLUDE_SOURCE;
				MTL_FAST_MATH = YES;
				ONLY_ACTIVE_ARCH = YES;
				SDKROOT = iphoneos;
				SWIFT_ACTIVE_COMPILATION_CONDITIONS = DEBUG;
				SWIFT_OPTIMIZATION_LEVEL = "-Onone";
			};
			name = Debug;
		};
		E1F51C7E27237C1700163ABE /* Release */ = {
			isa = XCBuildConfiguration;
			buildSettings = {
				ALWAYS_SEARCH_USER_PATHS = NO;
				CLANG_ANALYZER_NONNULL = YES;
				CLANG_ANALYZER_NUMBER_OBJECT_CONVERSION = YES_AGGRESSIVE;
				CLANG_CXX_LANGUAGE_STANDARD = "gnu++14";
				CLANG_CXX_LIBRARY = "libc++";
				CLANG_ENABLE_MODULES = YES;
				CLANG_ENABLE_OBJC_ARC = YES;
				CLANG_ENABLE_OBJC_WEAK = YES;
				CLANG_WARN_BLOCK_CAPTURE_AUTORELEASING = YES;
				CLANG_WARN_BOOL_CONVERSION = YES;
				CLANG_WARN_COMMA = YES;
				CLANG_WARN_CONSTANT_CONVERSION = YES;
				CLANG_WARN_DEPRECATED_OBJC_IMPLEMENTATIONS = YES;
				CLANG_WARN_DIRECT_OBJC_ISA_USAGE = YES_ERROR;
				CLANG_WARN_DOCUMENTATION_COMMENTS = YES;
				CLANG_WARN_EMPTY_BODY = YES;
				CLANG_WARN_ENUM_CONVERSION = YES;
				CLANG_WARN_INFINITE_RECURSION = YES;
				CLANG_WARN_INT_CONVERSION = YES;
				CLANG_WARN_NON_LITERAL_NULL_CONVERSION = YES;
				CLANG_WARN_OBJC_IMPLICIT_RETAIN_SELF = YES;
				CLANG_WARN_OBJC_LITERAL_CONVERSION = YES;
				CLANG_WARN_OBJC_ROOT_CLASS = YES_ERROR;
				CLANG_WARN_QUOTED_INCLUDE_IN_FRAMEWORK_HEADER = YES;
				CLANG_WARN_RANGE_LOOP_ANALYSIS = YES;
				CLANG_WARN_STRICT_PROTOTYPES = YES;
				CLANG_WARN_SUSPICIOUS_MOVE = YES;
				CLANG_WARN_UNGUARDED_AVAILABILITY = YES_AGGRESSIVE;
				CLANG_WARN_UNREACHABLE_CODE = YES;
				CLANG_WARN__DUPLICATE_METHOD_MATCH = YES;
				COPY_PHASE_STRIP = NO;
				DEBUG_INFORMATION_FORMAT = "dwarf-with-dsym";
				ENABLE_NS_ASSERTIONS = NO;
				ENABLE_STRICT_OBJC_MSGSEND = YES;
				GCC_C_LANGUAGE_STANDARD = gnu11;
				GCC_NO_COMMON_BLOCKS = YES;
				GCC_WARN_64_TO_32_BIT_CONVERSION = YES;
				GCC_WARN_ABOUT_RETURN_TYPE = YES_ERROR;
				GCC_WARN_UNDECLARED_SELECTOR = YES;
				GCC_WARN_UNINITIALIZED_AUTOS = YES_AGGRESSIVE;
				GCC_WARN_UNUSED_FUNCTION = YES;
				GCC_WARN_UNUSED_VARIABLE = YES;
				IPHONEOS_DEPLOYMENT_TARGET = 14.2;
				MTL_ENABLE_DEBUG_INFO = NO;
				MTL_FAST_MATH = YES;
				SDKROOT = iphoneos;
				SWIFT_COMPILATION_MODE = wholemodule;
				SWIFT_OPTIMIZATION_LEVEL = "-O";
				VALIDATE_PRODUCT = YES;
			};
			name = Release;
		};
		E1F51C8027237C1700163ABE /* Debug */ = {
			isa = XCBuildConfiguration;
			buildSettings = {
				ASSETCATALOG_COMPILER_APPICON_NAME = AppIcon;
				ASSETCATALOG_COMPILER_GLOBAL_ACCENT_COLOR_NAME = AccentColor;
				CODE_SIGN_STYLE = Automatic;
				INFOPLIST_FILE = "07-AppLogin/Info.plist";
				IPHONEOS_DEPLOYMENT_TARGET = 13.2;
				LD_RUNPATH_SEARCH_PATHS = (
					"$(inherited)",
					"@executable_path/Frameworks",
				);
				PRODUCT_BUNDLE_IDENTIFIER = "com.mx.teresalfaro.-7-AppLogin";
				PRODUCT_NAME = "$(TARGET_NAME)";
				SWIFT_VERSION = 5.0;
				TARGETED_DEVICE_FAMILY = "1,2";
			};
			name = Debug;
		};
		E1F51C8127237C1700163ABE /* Release */ = {
			isa = XCBuildConfiguration;
			buildSettings = {
				ASSETCATALOG_COMPILER_APPICON_NAME = AppIcon;
				ASSETCATALOG_COMPILER_GLOBAL_ACCENT_COLOR_NAME = AccentColor;
				CODE_SIGN_STYLE = Automatic;
				INFOPLIST_FILE = "07-AppLogin/Info.plist";
				IPHONEOS_DEPLOYMENT_TARGET = 13.2;
				LD_RUNPATH_SEARCH_PATHS = (
					"$(inherited)",
					"@executable_path/Frameworks",
				);
				PRODUCT_BUNDLE_IDENTIFIER = "com.mx.teresalfaro.-7-AppLogin";
				PRODUCT_NAME = "$(TARGET_NAME)";
				SWIFT_VERSION = 5.0;
				TARGETED_DEVICE_FAMILY = "1,2";
			};
			name = Release;
		};
/* End XCBuildConfiguration section */

/* Begin XCConfigurationList section */
		E1F51C6627237C1700163ABE /* Build configuration list for PBXProject "07-AppLogin" */ = {
			isa = XCConfigurationList;
			buildConfigurations = (
				E1F51C7D27237C1700163ABE /* Debug */,
				E1F51C7E27237C1700163ABE /* Release */,
			);
			defaultConfigurationIsVisible = 0;
			defaultConfigurationName = Release;
		};
		E1F51C7F27237C1700163ABE /* Build configuration list for PBXNativeTarget "07-AppLogin" */ = {
			isa = XCConfigurationList;
			buildConfigurations = (
				E1F51C8027237C1700163ABE /* Debug */,
				E1F51C8127237C1700163ABE /* Release */,
			);
			defaultConfigurationIsVisible = 0;
			defaultConfigurationName = Release;
		};
/* End XCConfigurationList section */
	};
	rootObject = E1F51C6327237C1700163ABE /* Project object */;
}
